
Microsoft Visual Studio Solution File, Format Version 12.00
# Visual Studio Version 17
VisualStudioVersion = 17.11.35312.102
MinimumVisualStudioVersion = 10.0.40219.1
Project("{FAE04EC0-301F-11D3-BF4B-00C04F79EFBC}") = "ROT13", "ROT13\ROT13.csproj", "{2C74733D-375A-4683-81EE-2E1DE88C1309}"
EndProject
Global
	GlobalSection(SolutionConfigurationPlatforms) = preSolution
		Debug|Any CPU = Debug|Any CPU
		Release|Any CPU = Release|Any CPU
	EndGlobalSection
	GlobalSection(ProjectConfigurationPlatforms) = postSolution
		{2C74733D-375A-4683-81EE-2E1DE88C1309}.Debug|Any CPU.ActiveCfg = Debug|Any CPU
		{2C74733D-375A-4683-81EE-2E1DE88C1309}.Debug|Any CPU.Build.0 = Debug|Any CPU
		{2C74733D-375A-4683-81EE-2E1DE88C1309}.Release|Any CPU.ActiveCfg = Release|Any CPU
		{2C74733D-375A-4683-81EE-2E1DE88C1309}.Release|Any CPU.Build.0 = Release|Any CPU
	EndGlobalSection
	GlobalSection(SolutionProperties) = preSolution
		HideSolutionNode = FALSE
	EndGlobalSection
	GlobalSection(ExtensibilityGlobals) = postSolution
		SolutionGuid = {DFA74EA2-D8B6-41AA-921B-5E2486DD62C6}
	EndGlobalSection
EndGlobal
